{
  "name": "AutoKit",
  "lockfileVersion": 3,
  "requires": true,
  "packages": {
    "": {
      "dependencies": {
        "@types/antd": "^0.12.32"
      }
    },
    "node_modules/@types/antd": {
      "version": "0.12.32",
      "resolved": "https://registry.npmjs.org/@types/antd/-/antd-0.12.32.tgz",
      "integrity": "sha512-PcCbMdpxoZ1BCTe2sQtVoSurgdVxYjln6a0eqlAGKG38Lb/J28jOIOCB8htoCIvSgpBRReoouxB6ZPSOSbV3lg==",
      "license": "MIT",
      "dependencies": {
        "@types/react": "*"
      }
    },
    "node_modules/@types/react": {
      "version": "19.1.6",
      "resolved": "https://registry.npmjs.org/@types/react/-/react-19.1.6.tgz",
      "integrity": "sha512-JeG0rEWak0N6Itr6QUx+X60uQmN+5t3j9r/OVDtWzFXKaj6kD1BwJzOksD0FF6iWxZlbE1kB0q9vtnU2ekqa1Q==",
      "license": "MIT",
      "dependencies": {
        "csstype": "^3.0.2"
      }
    },
    "node_modules/csstype": {
      "version": "3.1.3",
      "resolved": "https://registry.npmjs.org/csstype/-/csstype-3.1.3.tgz",
      "integrity": "sha512-M1uQkMl8rQK/szD0LNhtqxIPLpimGm8sOBwU7lLnCpSbTyY3yeU1Vc7l4KT5zT4s/yOxHH5O7tIuuLOCnLADRw==",
      "license": "MIT"
    }
  }
}
